
Microsoft Visual Studio Solution File, Format Version 12.00
# Visual Studio Version 16
VisualStudioVersion = 16.0.29920.165
MinimumVisualStudioVersion = 10.0.40219.1
Project("{FAE04EC0-301F-11D3-BF4B-00C04F79EFBC}") = "BraveInject", "BraveInject\BraveInject.csproj", "{83714378-3EC8-4D0F-9EA2-CEE3E6F58DDF}"
EndProject
Global
	GlobalSection(SolutionConfigurationPlatforms) = preSolution
		Debug|Any CPU = Debug|Any CPU
		Release|Any CPU = Release|Any CPU
	EndGlobalSection
	GlobalSection(ProjectConfigurationPlatforms) = postSolution
		{83714378-3EC8-4D0F-9EA2-CEE3E6F58DDF}.Debug|Any CPU.ActiveCfg = Debug|Any CPU
		{83714378-3EC8-4D0F-9EA2-CEE3E6F58DDF}.Debug|Any CPU.Build.0 = Debug|Any CPU
		{83714378-3EC8-4D0F-9EA2-CEE3E6F58DDF}.Release|Any CPU.ActiveCfg = Release|Any CPU
		{83714378-3EC8-4D0F-9EA2-CEE3E6F58DDF}.Release|Any CPU.Build.0 = Release|Any CPU
	EndGlobalSection
	GlobalSection(SolutionProperties) = preSolution
		HideSolutionNode = FALSE
	EndGlobalSection
	GlobalSection(ExtensibilityGlobals) = postSolution
		SolutionGuid = {B0309D2B-5582-4332-865D-4A9511B9641B}
	EndGlobalSection
EndGlobal
